Microsoft Visual Studio Solution File, Format Version 12.00
# Visual Studio Version 16
VisualStudioVersion = 16.0.31424.327
MinimumVisualStudioVersion = 10.0.40219.1
Project("{FAE04EC0-301F-11D3-BF4B-00C04F79EFBC}") = "Editor", "Editor.csproj", "{8A19A23F-BE88-4586-B8A2-0C701F692FB9}"
EndProject
Global
	GlobalSection(SolutionConfigurationPlatforms) = preSolution
		Debug|Any CPU = Debug|Any CPU
		Release|Any CPU = Release|Any CPU
	EndGlobalSection
	GlobalSection(ProjectConfigurationPlatforms) = postSolution
		{8A19A23F-BE88-4586-B8A2-0C701F692FB9}.Debug|Any CPU.ActiveCfg = Debug|Any CPU
		{8A19A23F-BE88-4586-B8A2-0C701F692FB9}.Debug|Any CPU.Build.0 = Debug|Any CPU
		{8A19A23F-BE88-4586-B8A2-0C701F692FB9}.Release|Any CPU.ActiveCfg = Release|Any CPU
		{8A19A23F-BE88-4586-B8A2-0C701F692FB9}.Release|Any CPU.Build.0 = Release|Any CPU
	EndGlobalSection
	GlobalSection(SolutionProperties) = preSolution
		HideSolutionNode = FALSE
	EndGlobalSection
	GlobalSection(ExtensibilityGlobals) = postSolution
		SolutionGuid = {54368363-74D0-4063-85AC-E1052594704E}
	EndGlobalSection
EndGlobal
